
Microsoft Visual Studio Solution File, Format Version 12.00
# Visual Studio Version 17
VisualStudioVersion = 17.0.32014.148
MinimumVisualStudioVersion = 10.0.40219.1
Project("{FAE04EC0-301F-11D3-BF4B-00C04F79EFBC}") = "Notes.Android", "Notes\Notes.Android\Notes.Android.csproj", "{5759B74D-DC3C-49C5-A0A7-16A9981E1644}"
EndProject
Project("{FAE04EC0-301F-11D3-BF4B-00C04F79EFBC}") = "Notes", "Notes\Notes\Notes.csproj", "{654BEA6A-5B32-48DE-B6AC-397E8D33BA63}"
EndProject
Global
	GlobalSection(SolutionConfigurationPlatforms) = preSolution
		Debug|Any CPU = Debug|Any CPU
		Release|Any CPU = Release|Any CPU
	EndGlobalSection
	GlobalSection(ProjectConfigurationPlatforms) = postSolution
		{5759B74D-DC3C-49C5-A0A7-16A9981E1644}.Debug|Any CPU.ActiveCfg = Debug|Any CPU
		{5759B74D-DC3C-49C5-A0A7-16A9981E1644}.Debug|Any CPU.Build.0 = Debug|Any CPU
		{5759B74D-DC3C-49C5-A0A7-16A9981E1644}.Debug|Any CPU.Deploy.0 = Debug|Any CPU
		{5759B74D-DC3C-49C5-A0A7-16A9981E1644}.Release|Any CPU.ActiveCfg = Release|Any CPU
		{5759B74D-DC3C-49C5-A0A7-16A9981E1644}.Release|Any CPU.Build.0 = Release|Any CPU
		{5759B74D-DC3C-49C5-A0A7-16A9981E1644}.Release|Any CPU.Deploy.0 = Release|Any CPU
		{654BEA6A-5B32-48DE-B6AC-397E8D33BA63}.Debug|Any CPU.ActiveCfg = Debug|Any CPU
		{654BEA6A-5B32-48DE-B6AC-397E8D33BA63}.Debug|Any CPU.Build.0 = Debug|Any CPU
		{654BEA6A-5B32-48DE-B6AC-397E8D33BA63}.Debug|Any CPU.Deploy.0 = Debug|Any CPU
		{654BEA6A-5B32-48DE-B6AC-397E8D33BA63}.Release|Any CPU.ActiveCfg = Release|Any CPU
		{654BEA6A-5B32-48DE-B6AC-397E8D33BA63}.Release|Any CPU.Build.0 = Release|Any CPU
		{654BEA6A-5B32-48DE-B6AC-397E8D33BA63}.Release|Any CPU.Deploy.0 = Release|Any CPU
	EndGlobalSection
	GlobalSection(SolutionProperties) = preSolution
		HideSolutionNode = FALSE
	EndGlobalSection
	GlobalSection(ExtensibilityGlobals) = postSolution
		SolutionGuid = {E105AC9D-56AA-439D-BBD9-3FA735A86BC8}
	EndGlobalSection
EndGlobal
